// !$*UTF8*$!
{
	archiveVersion = 1;
	classes = {
	};
	objectVersion = 56;
	objects = {

/* Begin PBXBuildFile section */
		B50B3CD829C1B779000414AC /* RayonApp.swift in Sources */ = {isa = PBXBuildFile; fileRef = B50B3CD729C1B779000414AC /* RayonApp.swift */; };
		B50B3CDA29C1B779000414AC /* ServerView.swift in Sources */ = {isa = PBXBuildFile; fileRef = B50B3CD929C1B779000414AC /* ServerView.swift */; };
		B50B3CDC29C1B779000414AC /* Assets.xcassets in Resources */ = {isa = PBXBuildFile; fileRef = B50B3CDB29C1B779000414AC /* Assets.xcassets */; };
		B50B3CDF29C1B779000414AC /* Preview Assets.xcassets in Resources */ = {isa = PBXBuildFile; fileRef = B50B3CDE29C1B779000414AC /* Preview Assets.xcassets */; };
		B50B3CEA29C1B77A000414AC /* RayonTests.swift in Sources */ = {isa = PBXBuildFile; fileRef = B50B3CE929C1B77A000414AC /* RayonTests.swift */; };
		B50B3CF429C1B77A000414AC /* RayonUITests.swift in Sources */ = {isa = PBXBuildFile; fileRef = B50B3CF329C1B77A000414AC /* RayonUITests.swift */; };
		B50B3CF629C1B77A000414AC /* RayonUITestsLaunchTests.swift in Sources */ = {isa = PBXBuildFile; fileRef = B50B3CF529C1B77A000414AC /* RayonUITestsLaunchTests.swift */; };
		B50B3D0429C1B7D3000414AC /* VLESS.swift in Sources */ = {isa = PBXBuildFile; fileRef = B50B3D0329C1B7D3000414AC /* VLESS.swift */; };
		B5673ACC29CAA8CD00B26B19 /* RoutingView.swift in Sources */ = {isa = PBXBuildFile; fileRef = B5673ACB29CAA8CD00B26B19 /* RoutingView.swift */; };
		B5673AD029CC262D00B26B19 /* AppDelegate.swift in Sources */ = {isa = PBXBuildFile; fileRef = B5673ACF29CC262D00B26B19 /* AppDelegate.swift */; };
		B5673B2729CD9F2100B26B19 /* GeneralView.swift in Sources */ = {isa = PBXBuildFile; fileRef = B5673B2629CD9F2100B26B19 /* GeneralView.swift */; };
		B5673B2A29D29BB300B26B19 /* RoutingListView.swift in Sources */ = {isa = PBXBuildFile; fileRef = B5673B2929D29BB300B26B19 /* RoutingListView.swift */; };
		B5673B2C29D2B41900B26B19 /* RoutingSettingsView.swift in Sources */ = {isa = PBXBuildFile; fileRef = B5673B2B29D2B41900B26B19 /* RoutingSettingsView.swift */; };
		B5673B2F29D2C0C500B26B19 /* Localizable.strings in Resources */ = {isa = PBXBuildFile; fileRef = B5673B3129D2C0C500B26B19 /* Localizable.strings */; };
		B5673B3429D2EDAB00B26B19 /* RoutingTable.swift in Sources */ = {isa = PBXBuildFile; fileRef = B5673B3329D2EDAB00B26B19 /* RoutingTable.swift */; };
		B5673B7729D53A3100B26B19 /* NetworkExtension.framework in Frameworks */ = {isa = PBXBuildFile; fileRef = B5673B3F29D5369A00B26B19 /* NetworkExtension.framework */; };
		B5673B8429D58C2000B26B19 /* AppProxyProvider.swift in Sources */ = {isa = PBXBuildFile; fileRef = B5673B7929D53A3100B26B19 /* AppProxyProvider.swift */; };
		B5673B8629D68CE200B26B19 /* RoutingObject.swift in Sources */ = {isa = PBXBuildFile; fileRef = B5673B8529D68CE200B26B19 /* RoutingObject.swift */; };
		B5673B8A29D7064C00B26B19 /* Rayon.xcdatamodeld in Sources */ = {isa = PBXBuildFile; fileRef = B5673B8829D7064C00B26B19 /* Rayon.xcdatamodeld */; };
		B5673B8C29D708F100B26B19 /* Persistence.swift in Sources */ = {isa = PBXBuildFile; fileRef = B5673B8B29D708F100B26B19 /* Persistence.swift */; };
		B5673B8E29DBEEAC00B26B19 /* StreamSettingsObject.swift in Sources */ = {isa = PBXBuildFile; fileRef = B5673B8D29DBEEAC00B26B19 /* StreamSettingsObject.swift */; };
		B568E1E129C1BB1C002DC185 /* ProxySettingsView.swift in Sources */ = {isa = PBXBuildFile; fileRef = B568E1E029C1BB1C002DC185 /* ProxySettingsView.swift */; };
		B568E1E329C1BB94002DC185 /* Vmess.swift in Sources */ = {isa = PBXBuildFile; fileRef = B568E1E229C1BB94002DC185 /* Vmess.swift */; };
		B568E1E729C1CEB7002DC185 /* TCP.swift in Sources */ = {isa = PBXBuildFile; fileRef = B568E1E629C1CEB7002DC185 /* TCP.swift */; };
		B568E1E929C2A394002DC185 /* TLS.swift in Sources */ = {isa = PBXBuildFile; fileRef = B568E1E829C2A394002DC185 /* TLS.swift */; };
		B568E1EB29C2A710002DC185 /* StreamSettingsView.swift in Sources */ = {isa = PBXBuildFile; fileRef = B568E1EA29C2A710002DC185 /* StreamSettingsView.swift */; };
		B568E1ED29C2C201002DC185 /* OutboundObject.swift in Sources */ = {isa = PBXBuildFile; fileRef = B568E1EC29C2C201002DC185 /* OutboundObject.swift */; };
		B5A2784429DC03C600D15CD4 /* Trick.swift in Sources */ = {isa = PBXBuildFile; fileRef = B5A2784329DC03C600D15CD4 /* Trick.swift */; };
		B5C3E5FC29C46510007D708A /* SettingsView.swift in Sources */ = {isa = PBXBuildFile; fileRef = B5C3E5FB29C46510007D708A /* SettingsView.swift */; };
		B5C3E5FE29C82A36007D708A /* Credits.html in Resources */ = {isa = PBXBuildFile; fileRef = B5C3E5FD29C82A36007D708A /* Credits.html */; };
		B5C3E60029C94144007D708A /* ServerListView.swift in Sources */ = {isa = PBXBuildFile; fileRef = B5C3E5FF29C94144007D708A /* ServerListView.swift */; };
		B5C3E60229C98289007D708A /* ServerSettingsView.swift in Sources */ = {isa = PBXBuildFile; fileRef = B5C3E60129C98289007D708A /* ServerSettingsView.swift */; };
		B5C3E60629C9C04F007D708A /* Store.swift in Sources */ = {isa = PBXBuildFile; fileRef = B5C3E60529C9C04F007D708A /* Store.swift */; };
		B5C3E60829C9EB25007D708A /* TestView.swift in Sources */ = {isa = PBXBuildFile; fileRef = B5C3E60729C9EB25007D708A /* TestView.swift */; };
/* End PBXBuildFile section */

/* Begin PBXContainerItemProxy section */
		B50B3CE629C1B77A000414AC /* PBXContainerItemProxy */ = {
			isa = PBXContainerItemProxy;
			containerPortal = B50B3CCC29C1B779000414AC /* Project object */;
			proxyType = 1;
			remoteGlobalIDString = B50B3CD329C1B779000414AC;
			remoteInfo = XClient;
		};
		B50B3CF029C1B77A000414AC /* PBXContainerItemProxy */ = {
			isa = PBXContainerItemProxy;
			containerPortal = B50B3CCC29C1B779000414AC /* Project object */;
			proxyType = 1;
			remoteGlobalIDString = B50B3CD329C1B779000414AC;
			remoteInfo = XClient;
		};
/* End PBXContainerItemProxy section */

/* Begin PBXCopyFilesBuildPhase section */
		B5673B6029D537D500B26B19 /* Embed System Extensions */ = {
			isa = PBXCopyFilesBuildPhase;
			buildActionMask = 2147483647;
			dstPath = "$(SYSTEM_EXTENSIONS_FOLDER_PATH)";
			dstSubfolderSpec = 16;
			files = (
			);
			name = "Embed System Extensions";
			runOnlyForDeploymentPostprocessing = 0;
		};
/* End PBXCopyFilesBuildPhase section */

/* Begin PBXFileReference section */
		B50B3CD429C1B779000414AC /* Rayon.app */ = {isa = PBXFileReference; explicitFileType = wrapper.application; includeInIndex = 0; path = Rayon.app; sourceTree = BUILT_PRODUCTS_DIR; };
		B50B3CD729C1B779000414AC /* RayonApp.swift */ = {isa = PBXFileReference; lastKnownFileType = sourcecode.swift; path = RayonApp.swift; sourceTree = "<group>"; };
		B50B3CD929C1B779000414AC /* ServerView.swift */ = {isa = PBXFileReference; lastKnownFileType = sourcecode.swift; path = ServerView.swift; sourceTree = "<group>"; };
		B50B3CDB29C1B779000414AC /* Assets.xcassets */ = {isa = PBXFileReference; lastKnownFileType = folder.assetcatalog; path = Assets.xcassets; sourceTree = "<group>"; };
		B50B3CDE29C1B779000414AC /* Preview Assets.xcassets */ = {isa = PBXFileReference; lastKnownFileType = folder.assetcatalog; path = "Preview Assets.xcassets"; sourceTree = "<group>"; };
		B50B3CE029C1B779000414AC /* Rayon.entitlements */ = {isa = PBXFileReference; lastKnownFileType = text.plist.entitlements; path = Rayon.entitlements; sourceTree = "<group>"; };
		B50B3CE529C1B77A000414AC /* RayonTests.xctest */ = {isa = PBXFileReference; explicitFileType = wrapper.cfbundle; includeInIndex = 0; path = RayonTests.xctest; sourceTree = BUILT_PRODUCTS_DIR; };
		B50B3CE929C1B77A000414AC /* RayonTests.swift */ = {isa = PBXFileReference; lastKnownFileType = sourcecode.swift; path = RayonTests.swift; sourceTree = "<group>"; };
		B50B3CEF29C1B77A000414AC /* RayonUITests.xctest */ = {isa = PBXFileReference; explicitFileType = wrapper.cfbundle; includeInIndex = 0; path = RayonUITests.xctest; sourceTree = BUILT_PRODUCTS_DIR; };
		B50B3CF329C1B77A000414AC /* RayonUITests.swift */ = {isa = PBXFileReference; lastKnownFileType = sourcecode.swift; path = RayonUITests.swift; sourceTree = "<group>"; };
		B50B3CF529C1B77A000414AC /* RayonUITestsLaunchTests.swift */ = {isa = PBXFileReference; lastKnownFileType = sourcecode.swift; path = RayonUITestsLaunchTests.swift; sourceTree = "<group>"; };
		B50B3D0329C1B7D3000414AC /* VLESS.swift */ = {isa = PBXFileReference; lastKnownFileType = sourcecode.swift; path = VLESS.swift; sourceTree = "<group>"; };
		B5673ACB29CAA8CD00B26B19 /* RoutingView.swift */ = {isa = PBXFileReference; lastKnownFileType = sourcecode.swift; path = RoutingView.swift; sourceTree = "<group>"; };
		B5673ACF29CC262D00B26B19 /* AppDelegate.swift */ = {isa = PBXFileReference; lastKnownFileType = sourcecode.swift; path = AppDelegate.swift; sourceTree = "<group>"; };
		B5673B2629CD9F2100B26B19 /* GeneralView.swift */ = {isa = PBXFileReference; lastKnownFileType = sourcecode.swift; path = GeneralView.swift; sourceTree = "<group>"; };
		B5673B2929D29BB300B26B19 /* RoutingListView.swift */ = {isa = PBXFileReference; lastKnownFileType = sourcecode.swift; path = RoutingListView.swift; sourceTree = "<group>"; };
		B5673B2B29D2B41900B26B19 /* RoutingSettingsView.swift */ = {isa = PBXFileReference; lastKnownFileType = sourcecode.swift; path = RoutingSettingsView.swift; sourceTree = "<group>"; };
		B5673B3029D2C0C500B26B19 /* en */ = {isa = PBXFileReference; lastKnownFileType = text.plist.strings; name = en; path = en.lproj/Localizable.strings; sourceTree = "<group>"; };
		B5673B3229D2C11200B26B19 /* zh-Hans */ = {isa = PBXFileReference; lastKnownFileType = text.plist.strings; name = "zh-Hans"; path = "zh-Hans.lproj/Localizable.strings"; sourceTree = "<group>"; };
		B5673B3329D2EDAB00B26B19 /* RoutingTable.swift */ = {isa = PBXFileReference; lastKnownFileType = sourcecode.swift; path = RoutingTable.swift; sourceTree = "<group>"; };
		B5673B3F29D5369A00B26B19 /* NetworkExtension.framework */ = {isa = PBXFileReference; lastKnownFileType = wrapper.framework; name = NetworkExtension.framework; path = System/Library/Frameworks/NetworkExtension.framework; sourceTree = SDKROOT; };
		B5673B7629D53A3100B26B19 /* XrayProxy.appex */ = {isa = PBXFileReference; explicitFileType = "wrapper.app-extension"; includeInIndex = 0; path = XrayProxy.appex; sourceTree = BUILT_PRODUCTS_DIR; };
		B5673B7929D53A3100B26B19 /* AppProxyProvider.swift */ = {isa = PBXFileReference; lastKnownFileType = sourcecode.swift; path = AppProxyProvider.swift; sourceTree = "<group>"; };
		B5673B7B29D53A3100B26B19 /* Info.plist */ = {isa = PBXFileReference; lastKnownFileType = text.plist.xml; path = Info.plist; sourceTree = "<group>"; };
		B5673B7C29D53A3100B26B19 /* XrayProxy.entitlements */ = {isa = PBXFileReference; lastKnownFileType = text.plist.entitlements; path = XrayProxy.entitlements; sourceTree = "<group>"; };
		B5673B8529D68CE200B26B19 /* RoutingObject.swift */ = {isa = PBXFileReference; lastKnownFileType = sourcecode.swift; path = RoutingObject.swift; sourceTree = "<group>"; };
		B5673B8929D7064C00B26B19 /* Inbounds.xcdatamodel */ = {isa = PBXFileReference; lastKnownFileType = wrapper.xcdatamodel; path = Inbounds.xcdatamodel; sourceTree = "<group>"; };
		B5673B8B29D708F100B26B19 /* Persistence.swift */ = {isa = PBXFileReference; lastKnownFileType = sourcecode.swift; path = Persistence.swift; sourceTree = "<group>"; };
		B5673B8D29DBEEAC00B26B19 /* StreamSettingsObject.swift */ = {isa = PBXFileReference; lastKnownFileType = sourcecode.swift; path = StreamSettingsObject.swift; sourceTree = "<group>"; };
		B568E1E029C1BB1C002DC185 /* ProxySettingsView.swift */ = {isa = PBXFileReference; lastKnownFileType = sourcecode.swift; path = ProxySettingsView.swift; sourceTree = "<group>"; };
		B568E1E229C1BB94002DC185 /* Vmess.swift */ = {isa = PBXFileReference; lastKnownFileType = sourcecode.swift; path = Vmess.swift; sourceTree = "<group>"; };
		B568E1E629C1CEB7002DC185 /* TCP.swift */ = {isa = PBXFileReference; lastKnownFileType = sourcecode.swift; path = TCP.swift; sourceTree = "<group>"; };
		B568E1E829C2A394002DC185 /* TLS.swift */ = {isa = PBXFileReference; lastKnownFileType = sourcecode.swift; path = TLS.swift; sourceTree = "<group>"; };
		B568E1EA29C2A710002DC185 /* StreamSettingsView.swift */ = {isa = PBXFileReference; lastKnownFileType = sourcecode.swift; path = StreamSettingsView.swift; sourceTree = "<group>"; };
		B568E1EC29C2C201002DC185 /* OutboundObject.swift */ = {isa = PBXFileReference; lastKnownFileType = sourcecode.swift; path = OutboundObject.swift; sourceTree = "<group>"; };
		B5A2784329DC03C600D15CD4 /* Trick.swift */ = {isa = PBXFileReference; lastKnownFileType = sourcecode.swift; path = Trick.swift; sourceTree = "<group>"; };
		B5C3E5FB29C46510007D708A /* SettingsView.swift */ = {isa = PBXFileReference; lastKnownFileType = sourcecode.swift; path = SettingsView.swift; sourceTree = "<group>"; };
		B5C3E5FD29C82A36007D708A /* Credits.html */ = {isa = PBXFileReference; lastKnownFileType = text.html; path = Credits.html; sourceTree = "<group>"; };
		B5C3E5FF29C94144007D708A /* ServerListView.swift */ = {isa = PBXFileReference; lastKnownFileType = sourcecode.swift; path = ServerListView.swift; sourceTree = "<group>"; };
		B5C3E60129C98289007D708A /* ServerSettingsView.swift */ = {isa = PBXFileReference; lastKnownFileType = sourcecode.swift; path = ServerSettingsView.swift; sourceTree = "<group>"; };
		B5C3E60529C9C04F007D708A /* Store.swift */ = {isa = PBXFileReference; lastKnownFileType = sourcecode.swift; path = Store.swift; sourceTree = "<group>"; };
		B5C3E60729C9EB25007D708A /* TestView.swift */ = {isa = PBXFileReference; lastKnownFileType = sourcecode.swift; path = TestView.swift; sourceTree = "<group>"; };
/* End PBXFileReference section */

/* Begin PBXFrameworksBuildPhase section */
		B50B3CD129C1B779000414AC /* Frameworks */ = {
			isa = PBXFrameworksBuildPhase;
			buildActionMask = 2147483647;
			files = (
			);
			runOnlyForDeploymentPostprocessing = 0;
		};
		B50B3CE229C1B77A000414AC /* Frameworks */ = {
			isa = PBXFrameworksBuildPhase;
			buildActionMask = 2147483647;
			files = (
			);
			runOnlyForDeploymentPostprocessing = 0;
		};
		B50B3CEC29C1B77A000414AC /* Frameworks */ = {
			isa = PBXFrameworksBuildPhase;
			buildActionMask = 2147483647;
			files = (
			);
			runOnlyForDeploymentPostprocessing = 0;
		};
		B5673B7329D53A3100B26B19 /* Frameworks */ = {
			isa = PBXFrameworksBuildPhase;
			buildActionMask = 2147483647;
			files = (
				B5673B7729D53A3100B26B19 /* NetworkExtension.framework in Frameworks */,
			);
			runOnlyForDeploymentPostprocessing = 0;
		};
/* End PBXFrameworksBuildPhase section */

/* Begin PBXGroup section */
		B50B3CCB29C1B779000414AC = {
			isa = PBXGroup;
			children = (
				B5673B3129D2C0C500B26B19 /* Localizable.strings */,
				B50B3CD629C1B779000414AC /* Rayon */,
				B50B3CE829C1B77A000414AC /* RayonTests */,
				B50B3CF229C1B77A000414AC /* RayonUITests */,
				B5673B7829D53A3100B26B19 /* XrayProxy */,
				B5673B3E29D5369A00B26B19 /* Frameworks */,
				B50B3CD529C1B779000414AC /* Products */,
			);
			sourceTree = "<group>";
		};
		B50B3CD529C1B779000414AC /* Products */ = {
			isa = PBXGroup;
			children = (
				B50B3CD429C1B779000414AC /* Rayon.app */,
				B50B3CE529C1B77A000414AC /* RayonTests.xctest */,
				B50B3CEF29C1B77A000414AC /* RayonUITests.xctest */,
				B5673B7629D53A3100B26B19 /* XrayProxy.appex */,
			);
			name = Products;
			sourceTree = "<group>";
		};
		B50B3CD629C1B779000414AC /* Rayon */ = {
			isa = PBXGroup;
			children = (
				B5C3E5FD29C82A36007D708A /* Credits.html */,
				B50B3CD729C1B779000414AC /* RayonApp.swift */,
				B5673ACF29CC262D00B26B19 /* AppDelegate.swift */,
				B5C3E60729C9EB25007D708A /* TestView.swift */,
				B5C9D4BE29C3134F00608F37 /* Views */,
				B50B3CE029C1B779000414AC /* Rayon.entitlements */,
				B5673B8729D7060F00B26B19 /* Resources */,
				B568E1E429C1BBCA002DC185 /* Models */,
				B50B3CDD29C1B779000414AC /* Preview Content */,
				B5A2784329DC03C600D15CD4 /* Trick.swift */,
			);
			path = Rayon;
			sourceTree = "<group>";
		};
		B50B3CDD29C1B779000414AC /* Preview Content */ = {
			isa = PBXGroup;
			children = (
				B50B3CDE29C1B779000414AC /* Preview Assets.xcassets */,
			);
			path = "Preview Content";
			sourceTree = "<group>";
		};
		B50B3CE829C1B77A000414AC /* RayonTests */ = {
			isa = PBXGroup;
			children = (
				B50B3CE929C1B77A000414AC /* RayonTests.swift */,
			);
			path = RayonTests;
			sourceTree = "<group>";
		};
		B50B3CF229C1B77A000414AC /* RayonUITests */ = {
			isa = PBXGroup;
			children = (
				B50B3CF329C1B77A000414AC /* RayonUITests.swift */,
				B50B3CF529C1B77A000414AC /* RayonUITestsLaunchTests.swift */,
			);
			path = RayonUITests;
			sourceTree = "<group>";
		};
		B50B3D0229C1B7BD000414AC /* ProxyProtocols */ = {
			isa = PBXGroup;
			children = (
				B50B3D0329C1B7D3000414AC /* VLESS.swift */,
				B568E1E229C1BB94002DC185 /* Vmess.swift */,
			);
			path = ProxyProtocols;
			sourceTree = "<group>";
		};
		B5673ACA29CAA7BC00B26B19 /* Server */ = {
			isa = PBXGroup;
			children = (
				B50B3CD929C1B779000414AC /* ServerView.swift */,
				B5C3E5FF29C94144007D708A /* ServerListView.swift */,
				B5C3E60129C98289007D708A /* ServerSettingsView.swift */,
				B568E1E029C1BB1C002DC185 /* ProxySettingsView.swift */,
				B568E1EA29C2A710002DC185 /* StreamSettingsView.swift */,
			);
			path = Server;
			sourceTree = "<group>";
		};
		B5673B2829D29B9A00B26B19 /* Routing */ = {
			isa = PBXGroup;
			children = (
				B5673ACB29CAA8CD00B26B19 /* RoutingView.swift */,
				B5673B2B29D2B41900B26B19 /* RoutingSettingsView.swift */,
				B5673B2929D29BB300B26B19 /* RoutingListView.swift */,
				B5673B3329D2EDAB00B26B19 /* RoutingTable.swift */,
			);
			path = Routing;
			sourceTree = "<group>";
		};
		B5673B3E29D5369A00B26B19 /* Frameworks */ = {
			isa = PBXGroup;
			children = (
				B5673B3F29D5369A00B26B19 /* NetworkExtension.framework */,
			);
			name = Frameworks;
			sourceTree = "<group>";
		};
		B5673B7829D53A3100B26B19 /* XrayProxy */ = {
			isa = PBXGroup;
			children = (
				B5673B7929D53A3100B26B19 /* AppProxyProvider.swift */,
				B5673B7B29D53A3100B26B19 /* Info.plist */,
				B5673B7C29D53A3100B26B19 /* XrayProxy.entitlements */,
			);
			path = XrayProxy;
			sourceTree = "<group>";
		};
		B5673B8729D7060F00B26B19 /* Resources */ = {
			isa = PBXGroup;
			children = (
				B50B3CDB29C1B779000414AC /* Assets.xcassets */,
				B5673B8829D7064C00B26B19 /* Rayon.xcdatamodeld */,
			);
			path = Resources;
			sourceTree = "<group>";
		};
		B568E1E429C1BBCA002DC185 /* Models */ = {
			isa = PBXGroup;
			children = (
				B568E1EC29C2C201002DC185 /* OutboundObject.swift */,
				B5673B8B29D708F100B26B19 /* Persistence.swift */,
				B5C3E60529C9C04F007D708A /* Store.swift */,
				B5673B8529D68CE200B26B19 /* RoutingObject.swift */,
				B5673B8D29DBEEAC00B26B19 /* StreamSettingsObject.swift */,
			);
			path = Models;
			sourceTree = "<group>";
		};
		B568E1E529C1CCBB002DC185 /* StreamProtocols */ = {
			isa = PBXGroup;
			children = (
				B568E1E629C1CEB7002DC185 /* TCP.swift */,
				B568E1E829C2A394002DC185 /* TLS.swift */,
			);
			path = StreamProtocols;
			sourceTree = "<group>";
		};
		B5C9D4BE29C3134F00608F37 /* Views */ = {
			isa = PBXGroup;
			children = (
				B5C3E5FB29C46510007D708A /* SettingsView.swift */,
				B5673B2629CD9F2100B26B19 /* GeneralView.swift */,
				B5673ACA29CAA7BC00B26B19 /* Server */,
				B5673B2829D29B9A00B26B19 /* Routing */,
				B568E1E529C1CCBB002DC185 /* StreamProtocols */,
				B50B3D0229C1B7BD000414AC /* ProxyProtocols */,
			);
			path = Views;
			sourceTree = "<group>";
		};
/* End PBXGroup section */

/* Begin PBXNativeTarget section */
		B50B3CD329C1B779000414AC /* Rayon */ = {
			isa = PBXNativeTarget;
			buildConfigurationList = B50B3CF929C1B77A000414AC /* Build configuration list for PBXNativeTarget "Rayon" */;
			buildPhases = (
				B50B3CD029C1B779000414AC /* Sources */,
				B50B3CD129C1B779000414AC /* Frameworks */,
				B50B3CD229C1B779000414AC /* Resources */,
				B5673B6029D537D500B26B19 /* Embed System Extensions */,
			);
			buildRules = (
			);
			dependencies = (
			);
			name = Rayon;
			productName = XClient;
			productReference = B50B3CD429C1B779000414AC /* Rayon.app */;
			productType = "com.apple.product-type.application";
		};
		B50B3CE429C1B77A000414AC /* RayonTests */ = {
			isa = PBXNativeTarget;
			buildConfigurationList = B50B3CFC29C1B77A000414AC /* Build configuration list for PBXNativeTarget "RayonTests" */;
			buildPhases = (
				B50B3CE129C1B77A000414AC /* Sources */,
				B50B3CE229C1B77A000414AC /* Frameworks */,
				B50B3CE329C1B77A000414AC /* Resources */,
			);
			buildRules = (
			);
			dependencies = (
				B50B3CE729C1B77A000414AC /* PBXTargetDependency */,
			);
			name = RayonTests;
			productName = XClientTests;
			productReference = B50B3CE529C1B77A000414AC /* RayonTests.xctest */;
			productType = "com.apple.product-type.bundle.unit-test";
		};
		B50B3CEE29C1B77A000414AC /* RayonUITests */ = {
			isa = PBXNativeTarget;
			buildConfigurationList = B50B3CFF29C1B77A000414AC /* Build configuration list for PBXNativeTarget "RayonUITests" */;
			buildPhases = (
				B50B3CEB29C1B77A000414AC /* Sources */,
				B50B3CEC29C1B77A000414AC /* Frameworks */,
				B50B3CED29C1B77A000414AC /* Resources */,
			);
			buildRules = (
			);
			dependencies = (
				B50B3CF129C1B77A000414AC /* PBXTargetDependency */,
			);
			name = RayonUITests;
			productName = XClientUITests;
			productReference = B50B3CEF29C1B77A000414AC /* RayonUITests.xctest */;
			productType = "com.apple.product-type.bundle.ui-testing";
		};
		B5673B7529D53A3100B26B19 /* XrayProxy */ = {
			isa = PBXNativeTarget;
			buildConfigurationList = B5673B8029D53A3100B26B19 /* Build configuration list for PBXNativeTarget "XrayProxy" */;
			buildPhases = (
				B5673B7229D53A3100B26B19 /* Sources */,
				B5673B7329D53A3100B26B19 /* Frameworks */,
				B5673B7429D53A3100B26B19 /* Resources */,
			);
			buildRules = (
			);
			dependencies = (
			);
			name = XrayProxy;
			productName = XrayProxy;
			productReference = B5673B7629D53A3100B26B19 /* XrayProxy.appex */;
			productType = "com.apple.product-type.app-extension";
		};
/* End PBXNativeTarget section */

/* Begin PBXProject section */
		B50B3CCC29C1B779000414AC /* Project object */ = {
			isa = PBXProject;
			attributes = {
				BuildIndependentTargetsInParallel = 1;
				LastSwiftUpdateCheck = 1420;
				LastUpgradeCheck = 1420;
				TargetAttributes = {
					B50B3CD329C1B779000414AC = {
						CreatedOnToolsVersion = 14.2;
					};
					B50B3CE429C1B77A000414AC = {
						CreatedOnToolsVersion = 14.2;
						TestTargetID = B50B3CD329C1B779000414AC;
					};
					B50B3CEE29C1B77A000414AC = {
						CreatedOnToolsVersion = 14.2;
						TestTargetID = B50B3CD329C1B779000414AC;
					};
					B5673B7529D53A3100B26B19 = {
						CreatedOnToolsVersion = 14.2;
					};
				};
			};
			buildConfigurationList = B50B3CCF29C1B779000414AC /* Build configuration list for PBXProject "Rayon" */;
			compatibilityVersion = "Xcode 14.0";
			developmentRegion = en;
			hasScannedForEncodings = 0;
			knownRegions = (
				en,
				Base,
				"zh-Hans",
			);
			mainGroup = B50B3CCB29C1B779000414AC;
			productRefGroup = B50B3CD529C1B779000414AC /* Products */;
			projectDirPath = "";
			projectRoot = "";
			targets = (
				B50B3CD329C1B779000414AC /* Rayon */,
				B50B3CE429C1B77A000414AC /* RayonTests */,
				B50B3CEE29C1B77A000414AC /* RayonUITests */,
				B5673B7529D53A3100B26B19 /* XrayProxy */,
			);
		};
/* End PBXProject section */

/* Begin PBXResourcesBuildPhase section */
		B50B3CD229C1B779000414AC /* Resources */ = {
			isa = PBXResourcesBuildPhase;
			buildActionMask = 2147483647;
			files = (
				B50B3CDF29C1B779000414AC /* Preview Assets.xcassets in Resources */,
				B5673B2F29D2C0C500B26B19 /* Localizable.strings in Resources */,
				B5C3E5FE29C82A36007D708A /* Credits.html in Resources */,
				B50B3CDC29C1B779000414AC /* Assets.xcassets in Resources */,
			);
			runOnlyForDeploymentPostprocessing = 0;
		};
		B50B3CE329C1B77A000414AC /* Resources */ = {
			isa = PBXResourcesBuildPhase;
			buildActionMask = 2147483647;
			files = (
			);
			runOnlyForDeploymentPostprocessing = 0;
		};
		B50B3CED29C1B77A000414AC /* Resources */ = {
			isa = PBXResourcesBuildPhase;
			buildActionMask = 2147483647;
			files = (
			);
			runOnlyForDeploymentPostprocessing = 0;
		};
		B5673B7429D53A3100B26B19 /* Resources */ = {
			isa = PBXResourcesBuildPhase;
			buildActionMask = 2147483647;
			files = (
			);
			runOnlyForDeploymentPostprocessing = 0;
		};
/* End PBXResourcesBuildPhase section */

/* Begin PBXSourcesBuildPhase section */
		B50B3CD029C1B779000414AC /* Sources */ = {
			isa = PBXSourcesBuildPhase;
			buildActionMask = 2147483647;
			files = (
				B5673ACC29CAA8CD00B26B19 /* RoutingView.swift in Sources */,
				B5673B8E29DBEEAC00B26B19 /* StreamSettingsObject.swift in Sources */,
				B5C3E60029C94144007D708A /* ServerListView.swift in Sources */,
				B568E1E129C1BB1C002DC185 /* ProxySettingsView.swift in Sources */,
				B568E1E729C1CEB7002DC185 /* TCP.swift in Sources */,
				B50B3CDA29C1B779000414AC /* ServerView.swift in Sources */,
				B5673B2C29D2B41900B26B19 /* RoutingSettingsView.swift in Sources */,
				B568E1ED29C2C201002DC185 /* OutboundObject.swift in Sources */,
				B568E1E929C2A394002DC185 /* TLS.swift in Sources */,
				B5C3E60829C9EB25007D708A /* TestView.swift in Sources */,
				B568E1EB29C2A710002DC185 /* StreamSettingsView.swift in Sources */,
				B5673B8629D68CE200B26B19 /* RoutingObject.swift in Sources */,
				B5673B2A29D29BB300B26B19 /* RoutingListView.swift in Sources */,
				B5C3E60629C9C04F007D708A /* Store.swift in Sources */,
				B50B3CD829C1B779000414AC /* RayonApp.swift in Sources */,
				B568E1E329C1BB94002DC185 /* Vmess.swift in Sources */,
				B5673B8C29D708F100B26B19 /* Persistence.swift in Sources */,
				B5673B8A29D7064C00B26B19 /* Rayon.xcdatamodeld in Sources */,
				B50B3D0429C1B7D3000414AC /* VLESS.swift in Sources */,
				B5A2784429DC03C600D15CD4 /* Trick.swift in Sources */,
				B5C3E60229C98289007D708A /* ServerSettingsView.swift in Sources */,
				B5673B2729CD9F2100B26B19 /* GeneralView.swift in Sources */,
				B5673B3429D2EDAB00B26B19 /* RoutingTable.swift in Sources */,
				B5673AD029CC262D00B26B19 /* AppDelegate.swift in Sources */,
				B5C3E5FC29C46510007D708A /* SettingsView.swift in Sources */,
			);
			runOnlyForDeploymentPostprocessing = 0;
		};
		B50B3CE129C1B77A000414AC /* Sources */ = {
			isa = PBXSourcesBuildPhase;
			buildActionMask = 2147483647;
			files = (
				B50B3CEA29C1B77A000414AC /* RayonTests.swift in Sources */,
			);
			runOnlyForDeploymentPostprocessing = 0;
		};
		B50B3CEB29C1B77A000414AC /* Sources */ = {
			isa = PBXSourcesBuildPhase;
			buildActionMask = 2147483647;
			files = (
				B50B3CF629C1B77A000414AC /* RayonUITestsLaunchTests.swift in Sources */,
				B50B3CF429C1B77A000414AC /* RayonUITests.swift in Sources */,
			);
			runOnlyForDeploymentPostprocessing = 0;
		};
		B5673B7229D53A3100B26B19 /* Sources */ = {
			isa = PBXSourcesBuildPhase;
			buildActionMask = 2147483647;
			files = (
				B5673B8429D58C2000B26B19 /* AppProxyProvider.swift in Sources */,
			);
			runOnlyForDeploymentPostprocessing = 0;
		};
/* End PBXSourcesBuildPhase section */

/* Begin PBXTargetDependency section */
		B50B3CE729C1B77A000414AC /* PBXTargetDependency */ = {
			isa = PBXTargetDependency;
			target = B50B3CD329C1B779000414AC /* Rayon */;
			targetProxy = B50B3CE629C1B77A000414AC /* PBXContainerItemProxy */;
		};
		B50B3CF129C1B77A000414AC /* PBXTargetDependency */ = {
			isa = PBXTargetDependency;
			target = B50B3CD329C1B779000414AC /* Rayon */;
			targetProxy = B50B3CF029C1B77A000414AC /* PBXContainerItemProxy */;
		};
/* End PBXTargetDependency section */

/* Begin PBXVariantGroup section */
		B5673B3129D2C0C500B26B19 /* Localizable.strings */ = {
			isa = PBXVariantGroup;
			children = (
				B5673B3029D2C0C500B26B19 /* en */,
				B5673B3229D2C11200B26B19 /* zh-Hans */,
			);
			name = Localizable.strings;
			sourceTree = "<group>";
		};
/* End PBXVariantGroup section */

/* Begin XCBuildConfiguration section */
		B50B3CF729C1B77A000414AC /* Debug */ = {
			isa = XCBuildConfiguration;
			buildSettings = {
				ALWAYS_SEARCH_USER_PATHS = NO;
				CLANG_ANALYZER_LOCALIZABILITY_NONLOCALIZED = YES;
				CLANG_ANALYZER_NONNULL = YES;
				CLANG_ANALYZER_NUMBER_OBJECT_CONVERSION = YES_AGGRESSIVE;
				CLANG_CXX_LANGUAGE_STANDARD = "gnu++20";
				CLANG_ENABLE_MODULES = YES;
				CLANG_ENABLE_OBJC_ARC = YES;
				CLANG_ENABLE_OBJC_WEAK = YES;
				CLANG_WARN_BLOCK_CAPTURE_AUTORELEASING = YES;
				CLANG_WARN_BOOL_CONVERSION = YES;
				CLANG_WARN_COMMA = YES;
				CLANG_WARN_CONSTANT_CONVERSION = YES;
				CLANG_WARN_DEPRECATED_OBJC_IMPLEMENTATIONS = YES;
				CLANG_WARN_DIRECT_OBJC_ISA_USAGE = YES_ERROR;
				CLANG_WARN_DOCUMENTATION_COMMENTS = YES;
				CLANG_WARN_EMPTY_BODY = YES;
				CLANG_WARN_ENUM_CONVERSION = YES;
				CLANG_WARN_INFINITE_RECURSION = YES;
				CLANG_WARN_INT_CONVERSION = YES;
				CLANG_WARN_NON_LITERAL_NULL_CONVERSION = YES;
				CLANG_WARN_OBJC_IMPLICIT_RETAIN_SELF = YES;
				CLANG_WARN_OBJC_LITERAL_CONVERSION = YES;
				CLANG_WARN_OBJC_ROOT_CLASS = YES_ERROR;
				CLANG_WARN_QUOTED_INCLUDE_IN_FRAMEWORK_HEADER = YES;
				CLANG_WARN_RANGE_LOOP_ANALYSIS = YES;
				CLANG_WARN_STRICT_PROTOTYPES = YES;
				CLANG_WARN_SUSPICIOUS_MOVE = YES;
				CLANG_WARN_UNGUARDED_AVAILABILITY = YES_AGGRESSIVE;
				CLANG_WARN_UNREACHABLE_CODE = YES;
				CLANG_WARN__DUPLICATE_METHOD_MATCH = YES;
				COPY_PHASE_STRIP = NO;
				DEBUG_INFORMATION_FORMAT = dwarf;
				ENABLE_STRICT_OBJC_MSGSEND = YES;
				ENABLE_TESTABILITY = YES;
				GCC_C_LANGUAGE_STANDARD = gnu11;
				GCC_DYNAMIC_NO_PIC = NO;
				GCC_NO_COMMON_BLOCKS = YES;
				GCC_OPTIMIZATION_LEVEL = 0;
				GCC_PREPROCESSOR_DEFINITIONS = (
					"DEBUG=1",
					"$(inherited)",
				);
				GCC_WARN_64_TO_32_BIT_CONVERSION = YES;
				GCC_WARN_ABOUT_RETURN_TYPE = YES_ERROR;
				GCC_WARN_UNDECLARED_SELECTOR = YES;
				GCC_WARN_UNINITIALIZED_AUTOS = YES_AGGRESSIVE;
				GCC_WARN_UNUSED_FUNCTION = YES;
				GCC_WARN_UNUSED_VARIABLE = YES;
				MACOSX_DEPLOYMENT_TARGET = 12.6;
				MTL_ENABLE_DEBUG_INFO = INCLUDE_SOURCE;
				MTL_FAST_MATH = YES;
				ONLY_ACTIVE_ARCH = YES;
				SDKROOT = macosx;
				SWIFT_ACTIVE_COMPILATION_CONDITIONS = DEBUG;
				SWIFT_OPTIMIZATION_LEVEL = "-Onone";
			};
			name = Debug;
		};
		B50B3CF829C1B77A000414AC /* Release */ = {
			isa = XCBuildConfiguration;
			buildSettings = {
				ALWAYS_SEARCH_USER_PATHS = NO;
				CLANG_ANALYZER_LOCALIZABILITY_NONLOCALIZED = YES;
				CLANG_ANALYZER_NONNULL = YES;
				CLANG_ANALYZER_NUMBER_OBJECT_CONVERSION = YES_AGGRESSIVE;
				CLANG_CXX_LANGUAGE_STANDARD = "gnu++20";
				CLANG_ENABLE_MODULES = YES;
				CLANG_ENABLE_OBJC_ARC = YES;
				CLANG_ENABLE_OBJC_WEAK = YES;
				CLANG_WARN_BLOCK_CAPTURE_AUTORELEASING = YES;
				CLANG_WARN_BOOL_CONVERSION = YES;
				CLANG_WARN_COMMA = YES;
				CLANG_WARN_CONSTANT_CONVERSION = YES;
				CLANG_WARN_DEPRECATED_OBJC_IMPLEMENTATIONS = YES;
				CLANG_WARN_DIRECT_OBJC_ISA_USAGE = YES_ERROR;
				CLANG_WARN_DOCUMENTATION_COMMENTS = YES;
				CLANG_WARN_EMPTY_BODY = YES;
				CLANG_WARN_ENUM_CONVERSION = YES;
				CLANG_WARN_INFINITE_RECURSION = YES;
				CLANG_WARN_INT_CONVERSION = YES;
				CLANG_WARN_NON_LITERAL_NULL_CONVERSION = YES;
				CLANG_WARN_OBJC_IMPLICIT_RETAIN_SELF = YES;
				CLANG_WARN_OBJC_LITERAL_CONVERSION = YES;
				CLANG_WARN_OBJC_ROOT_CLASS = YES_ERROR;
				CLANG_WARN_QUOTED_INCLUDE_IN_FRAMEWORK_HEADER = YES;
				CLANG_WARN_RANGE_LOOP_ANALYSIS = YES;
				CLANG_WARN_STRICT_PROTOTYPES = YES;
				CLANG_WARN_SUSPICIOUS_MOVE = YES;
				CLANG_WARN_UNGUARDED_AVAILABILITY = YES_AGGRESSIVE;
				CLANG_WARN_UNREACHABLE_CODE = YES;
				CLANG_WARN__DUPLICATE_METHOD_MATCH = YES;
				COPY_PHASE_STRIP = NO;
				DEBUG_INFORMATION_FORMAT = "dwarf-with-dsym";
				ENABLE_NS_ASSERTIONS = NO;
				ENABLE_STRICT_OBJC_MSGSEND = YES;
				GCC_C_LANGUAGE_STANDARD = gnu11;
				GCC_NO_COMMON_BLOCKS = YES;
				GCC_WARN_64_TO_32_BIT_CONVERSION = YES;
				GCC_WARN_ABOUT_RETURN_TYPE = YES_ERROR;
				GCC_WARN_UNDECLARED_SELECTOR = YES;
				GCC_WARN_UNINITIALIZED_AUTOS = YES_AGGRESSIVE;
				GCC_WARN_UNUSED_FUNCTION = YES;
				GCC_WARN_UNUSED_VARIABLE = YES;
				MACOSX_DEPLOYMENT_TARGET = 12.6;
				MTL_ENABLE_DEBUG_INFO = NO;
				MTL_FAST_MATH = YES;
				SDKROOT = macosx;
				SWIFT_COMPILATION_MODE = wholemodule;
				SWIFT_OPTIMIZATION_LEVEL = "-O";
			};
			name = Release;
		};
		B50B3CFA29C1B77A000414AC /* Debug */ = {
			isa = XCBuildConfiguration;
			buildSettings = {
				ASSETCATALOG_COMPILER_APPICON_NAME = AppIcon;
				ASSETCATALOG_COMPILER_GLOBAL_ACCENT_COLOR_NAME = AccentColor;
				CODE_SIGN_ENTITLEMENTS = Rayon/Rayon.entitlements;
				"CODE_SIGN_IDENTITY[sdk=macosx*]" = "Apple Development";
				CODE_SIGN_STYLE = Automatic;
				COMBINE_HIDPI_IMAGES = YES;
				CURRENT_PROJECT_VERSION = 1;
				DEVELOPMENT_ASSET_PATHS = "\"Rayon/Preview Content\"";
				DEVELOPMENT_TEAM = 3K7L75W59X;
				ENABLE_HARDENED_RUNTIME = YES;
				ENABLE_PREVIEWS = YES;
				GENERATE_INFOPLIST_FILE = YES;
				INFOPLIST_KEY_LSApplicationCategoryType = "public.app-category.utilities";
				INFOPLIST_KEY_LSUIElement = YES;
				INFOPLIST_KEY_NSHumanReadableCopyright = "";
				LD_RUNPATH_SEARCH_PATHS = (
					"$(inherited)",
					"@executable_path/../Frameworks",
				);
				MACOSX_DEPLOYMENT_TARGET = 12.0;
				MARKETING_VERSION = 1.0;
				PRODUCT_BUNDLE_IDENTIFIER = Loriland.Rayon;
				PRODUCT_NAME = "$(TARGET_NAME)";
				SWIFT_EMIT_LOC_STRINGS = YES;
				SWIFT_VERSION = 5.0;
			};
			name = Debug;
		};
		B50B3CFB29C1B77A000414AC /* Release */ = {
			isa = XCBuildConfiguration;
			buildSettings = {
				ASSETCATALOG_COMPILER_APPICON_NAME = AppIcon;
				ASSETCATALOG_COMPILER_GLOBAL_ACCENT_COLOR_NAME = AccentColor;
				CODE_SIGN_ENTITLEMENTS = Rayon/Rayon.entitlements;
				"CODE_SIGN_IDENTITY[sdk=macosx*]" = "Apple Development";
				CODE_SIGN_STYLE = Automatic;
				COMBINE_HIDPI_IMAGES = YES;
				CURRENT_PROJECT_VERSION = 1;
				DEVELOPMENT_ASSET_PATHS = "\"Rayon/Preview Content\"";
				DEVELOPMENT_TEAM = 3K7L75W59X;
				ENABLE_HARDENED_RUNTIME = YES;
				ENABLE_PREVIEWS = YES;
				GENERATE_INFOPLIST_FILE = YES;
				INFOPLIST_KEY_LSApplicationCategoryType = "public.app-category.utilities";
				INFOPLIST_KEY_LSUIElement = YES;
				INFOPLIST_KEY_NSHumanReadableCopyright = "";
				LD_RUNPATH_SEARCH_PATHS = (
					"$(inherited)",
					"@executable_path/../Frameworks",
				);
				MACOSX_DEPLOYMENT_TARGET = 12.0;
				MARKETING_VERSION = 1.0;
				PRODUCT_BUNDLE_IDENTIFIER = Loriland.Rayon;
				PRODUCT_NAME = "$(TARGET_NAME)";
				SWIFT_EMIT_LOC_STRINGS = YES;
				SWIFT_VERSION = 5.0;
			};
			name = Release;
		};
		B50B3CFD29C1B77A000414AC /* Debug */ = {
			isa = XCBuildConfiguration;
			buildSettings = {
				ALWAYS_EMBED_SWIFT_STANDARD_LIBRARIES = YES;
				BUNDLE_LOADER = "$(TEST_HOST)";
				CODE_SIGN_STYLE = Automatic;
				CURRENT_PROJECT_VERSION = 1;
				DEVELOPMENT_TEAM = 3K7L75W59X;
				GENERATE_INFOPLIST_FILE = YES;
				MACOSX_DEPLOYMENT_TARGET = 12.6;
				MARKETING_VERSION = 1.0;
				PRODUCT_BUNDLE_IDENTIFIER = Loriland.RayonTests;
				PRODUCT_NAME = "$(TARGET_NAME)";
				SWIFT_EMIT_LOC_STRINGS = NO;
				SWIFT_VERSION = 5.0;
				TEST_HOST = "$(BUILT_PRODUCTS_DIR)/Rayon.app/$(BUNDLE_EXECUTABLE_FOLDER_PATH)/Rayon";
			};
			name = Debug;
		};
		B50B3CFE29C1B77A000414AC /* Release */ = {
			isa = XCBuildConfiguration;
			buildSettings = {
				ALWAYS_EMBED_SWIFT_STANDARD_LIBRARIES = YES;
				BUNDLE_LOADER = "$(TEST_HOST)";
				CODE_SIGN_STYLE = Automatic;
				CURRENT_PROJECT_VERSION = 1;
				DEVELOPMENT_TEAM = 3K7L75W59X;
				GENERATE_INFOPLIST_FILE = YES;
				MACOSX_DEPLOYMENT_TARGET = 12.6;
				MARKETING_VERSION = 1.0;
				PRODUCT_BUNDLE_IDENTIFIER = Loriland.RayonTests;
				PRODUCT_NAME = "$(TARGET_NAME)";
				SWIFT_EMIT_LOC_STRINGS = NO;
				SWIFT_VERSION = 5.0;
				TEST_HOST = "$(BUILT_PRODUCTS_DIR)/Rayon.app/$(BUNDLE_EXECUTABLE_FOLDER_PATH)/Rayon";
			};
			name = Release;
		};
		B50B3D0029C1B77A000414AC /* Debug */ = {
			isa = XCBuildConfiguration;
			buildSettings = {
				ALWAYS_EMBED_SWIFT_STANDARD_LIBRARIES = YES;
				CODE_SIGN_STYLE = Automatic;
				CURRENT_PROJECT_VERSION = 1;
				DEVELOPMENT_TEAM = 3K7L75W59X;
				GENERATE_INFOPLIST_FILE = YES;
				MARKETING_VERSION = 1.0;
				PRODUCT_BUNDLE_IDENTIFIER = Loriland.RayonUITests;
				PRODUCT_NAME = "$(TARGET_NAME)";
				SWIFT_EMIT_LOC_STRINGS = NO;
				SWIFT_VERSION = 5.0;
				TEST_TARGET_NAME = XClient;
			};
			name = Debug;
		};
		B50B3D0129C1B77A000414AC /* Release */ = {
			isa = XCBuildConfiguration;
			buildSettings = {
				ALWAYS_EMBED_SWIFT_STANDARD_LIBRARIES = YES;
				CODE_SIGN_STYLE = Automatic;
				CURRENT_PROJECT_VERSION = 1;
				DEVELOPMENT_TEAM = 3K7L75W59X;
				GENERATE_INFOPLIST_FILE = YES;
				MARKETING_VERSION = 1.0;
				PRODUCT_BUNDLE_IDENTIFIER = Loriland.RayonUITests;
				PRODUCT_NAME = "$(TARGET_NAME)";
				SWIFT_EMIT_LOC_STRINGS = NO;
				SWIFT_VERSION = 5.0;
				TEST_TARGET_NAME = XClient;
			};
			name = Release;
		};
		B5673B8129D53A3100B26B19 /* Debug */ = {
			isa = XCBuildConfiguration;
			buildSettings = {
				CODE_SIGN_ENTITLEMENTS = XrayProxy/XrayProxy.entitlements;
				CODE_SIGN_STYLE = Automatic;
				CURRENT_PROJECT_VERSION = 1;
				DEVELOPMENT_TEAM = 3K7L75W59X;
				ENABLE_HARDENED_RUNTIME = YES;
				GENERATE_INFOPLIST_FILE = YES;
				INFOPLIST_FILE = XrayProxy/Info.plist;
				INFOPLIST_KEY_CFBundleDisplayName = XrayProxy;
				INFOPLIST_KEY_NSHumanReadableCopyright = "";
				LD_RUNPATH_SEARCH_PATHS = (
					"$(inherited)",
					"@executable_path/../Frameworks",
					"@executable_path/../../../../Frameworks",
				);
				MACOSX_DEPLOYMENT_TARGET = 10.15;
				MARKETING_VERSION = 1.0;
				PRODUCT_BUNDLE_IDENTIFIER = Loriland.Rayon.XrayProxy;
				PRODUCT_NAME = "$(TARGET_NAME)";
				SKIP_INSTALL = YES;
				SWIFT_EMIT_LOC_STRINGS = YES;
				SWIFT_VERSION = 5.0;
			};
			name = Debug;
		};
		B5673B8229D53A3100B26B19 /* Release */ = {
			isa = XCBuildConfiguration;
			buildSettings = {
				CODE_SIGN_ENTITLEMENTS = XrayProxy/XrayProxy.entitlements;
				CODE_SIGN_STYLE = Automatic;
				CURRENT_PROJECT_VERSION = 1;
				DEVELOPMENT_TEAM = 3K7L75W59X;
				ENABLE_HARDENED_RUNTIME = YES;
				GENERATE_INFOPLIST_FILE = YES;
				INFOPLIST_FILE = XrayProxy/Info.plist;
				INFOPLIST_KEY_CFBundleDisplayName = XrayProxy;
				INFOPLIST_KEY_NSHumanReadableCopyright = "";
				LD_RUNPATH_SEARCH_PATHS = (
					"$(inherited)",
					"@executable_path/../Frameworks",
					"@executable_path/../../../../Frameworks",
				);
				MACOSX_DEPLOYMENT_TARGET = 10.15;
				MARKETING_VERSION = 1.0;
				PRODUCT_BUNDLE_IDENTIFIER = Loriland.Rayon.XrayProxy;
				PRODUCT_NAME = "$(TARGET_NAME)";
				SKIP_INSTALL = YES;
				SWIFT_EMIT_LOC_STRINGS = YES;
				SWIFT_VERSION = 5.0;
			};
			name = Release;
		};
/* End XCBuildConfiguration section */

/* Begin XCConfigurationList section */
		B50B3CCF29C1B779000414AC /* Build configuration list for PBXProject "Rayon" */ = {
			isa = XCConfigurationList;
			buildConfigurations = (
				B50B3CF729C1B77A000414AC /* Debug */,
				B50B3CF829C1B77A000414AC /* Release */,
			);
			defaultConfigurationIsVisible = 0;
			defaultConfigurationName = Release;
		};
		B50B3CF929C1B77A000414AC /* Build configuration list for PBXNativeTarget "Rayon" */ = {
			isa = XCConfigurationList;
			buildConfigurations = (
				B50B3CFA29C1B77A000414AC /* Debug */,
				B50B3CFB29C1B77A000414AC /* Release */,
			);
			defaultConfigurationIsVisible = 0;
			defaultConfigurationName = Release;
		};
		B50B3CFC29C1B77A000414AC /* Build configuration list for PBXNativeTarget "RayonTests" */ = {
			isa = XCConfigurationList;
			buildConfigurations = (
				B50B3CFD29C1B77A000414AC /* Debug */,
				B50B3CFE29C1B77A000414AC /* Release */,
			);
			defaultConfigurationIsVisible = 0;
			defaultConfigurationName = Release;
		};
		B50B3CFF29C1B77A000414AC /* Build configuration list for PBXNativeTarget "RayonUITests" */ = {
			isa = XCConfigurationList;
			buildConfigurations = (
				B50B3D0029C1B77A000414AC /* Debug */,
				B50B3D0129C1B77A000414AC /* Release */,
			);
			defaultConfigurationIsVisible = 0;
			defaultConfigurationName = Release;
		};
		B5673B8029D53A3100B26B19 /* Build configuration list for PBXNativeTarget "XrayProxy" */ = {
			isa = XCConfigurationList;
			buildConfigurations = (
				B5673B8129D53A3100B26B19 /* Debug */,
				B5673B8229D53A3100B26B19 /* Release */,
			);
			defaultConfigurationIsVisible = 0;
			defaultConfigurationName = Release;
		};
/* End XCConfigurationList section */

/* Begin XCVersionGroup section */
		B5673B8829D7064C00B26B19 /* Rayon.xcdatamodeld */ = {
			isa = XCVersionGroup;
			children = (
				B5673B8929D7064C00B26B19 /* Inbounds.xcdatamodel */,
			);
			currentVersion = B5673B8929D7064C00B26B19 /* Inbounds.xcdatamodel */;
			path = Rayon.xcdatamodeld;
			sourceTree = "<group>";
			versionGroupType = wrapper.xcdatamodel;
		};
/* End XCVersionGroup section */
	};
	rootObject = B50B3CCC29C1B779000414AC /* Project object */;
}
